// !$*UTF8*$!
{
	archiveVersion = 1;
	classes = {
	};
	objectVersion = 46;
	objects = {

/* Begin PBXBuildFile section */
		A7701CCE1A6B600900A581D4 /* CourtListTableViewController.m in Sources */ = {isa = PBXBuildFile; fileRef = A7701CCD1A6B600900A581D4 /* CourtListTableViewController.m */; };
		A7A54BBC1A6B65C300E1326B /* CourtListTableViewCell.m in Sources */ = {isa = PBXBuildFile; fileRef = A7A54BBB1A6B65C300E1326B /* CourtListTableViewCell.m */; };
		A7E0BC9B1A66A22700FAFD2F /* main.m in Sources */ = {isa = PBXBuildFile; fileRef = A7E0BC9A1A66A22700FAFD2F /* main.m */; };
		A7E0BC9E1A66A22700FAFD2F /* AppDelegate.m in Sources */ = {isa = PBXBuildFile; fileRef = A7E0BC9D1A66A22700FAFD2F /* AppDelegate.m */; };
		A7E0BCA11A66A22700FAFD2F /* ViewController.m in Sources */ = {isa = PBXBuildFile; fileRef = A7E0BCA01A66A22700FAFD2F /* ViewController.m */; };
		A7E0BCA41A66A22700FAFD2F /* Main.storyboard in Resources */ = {isa = PBXBuildFile; fileRef = A7E0BCA21A66A22700FAFD2F /* Main.storyboard */; };
		A7E0BCA61A66A22700FAFD2F /* Images.xcassets in Resources */ = {isa = PBXBuildFile; fileRef = A7E0BCA51A66A22700FAFD2F /* Images.xcassets */; };
		A7E0BCB21A66A22700FAFD2F /* TennisTests.m in Sources */ = {isa = PBXBuildFile; fileRef = A7E0BCB11A66A22700FAFD2F /* TennisTests.m */; };
/* End PBXBuildFile section */

/* Begin PBXContainerItemProxy section */
		A7E0BCAC1A66A22700FAFD2F /* PBXContainerItemProxy */ = {
			isa = PBXContainerItemProxy;
			containerPortal = A7E0BC8D1A66A22700FAFD2F /* Project object */;
			proxyType = 1;
			remoteGlobalIDString = A7E0BC941A66A22700FAFD2F;
			remoteInfo = Tennis;
		};
/* End PBXContainerItemProxy section */

/* Begin PBXFileReference section */
		A7701CCC1A6B600900A581D4 /* CourtListTableViewController.h */ = {isa = PBXFileReference; fileEncoding = 4; lastKnownFileType = sourcecode.c.h; path = CourtListTableViewController.h; sourceTree = "<group>"; };
		A7701CCD1A6B600900A581D4 /* CourtListTableViewController.m */ = {isa = PBXFileReference; fileEncoding = 4; lastKnownFileType = sourcecode.c.objc; path = CourtListTableViewController.m; sourceTree = "<group>"; };
		A7A54BBA1A6B65C300E1326B /* CourtListTableViewCell.h */ = {isa = PBXFileReference; fileEncoding = 4; lastKnownFileType = sourcecode.c.h; path = CourtListTableViewCell.h; sourceTree = "<group>"; };
		A7A54BBB1A6B65C300E1326B /* CourtListTableViewCell.m */ = {isa = PBXFileReference; fileEncoding = 4; lastKnownFileType = sourcecode.c.objc; path = CourtListTableViewCell.m; sourceTree = "<group>"; };
		A7E0BC951A66A22700FAFD2F /* Tennis.app */ = {isa = PBXFileReference; explicitFileType = wrapper.application; includeInIndex = 0; path = Tennis.app; sourceTree = BUILT_PRODUCTS_DIR; };
		A7E0BC991A66A22700FAFD2F /* Info.plist */ = {isa = PBXFileReference; lastKnownFileType = text.plist.xml; path = Info.plist; sourceTree = "<group>"; };
		A7E0BC9A1A66A22700FAFD2F /* main.m */ = {isa = PBXFileReference; lastKnownFileType = sourcecode.c.objc; path = main.m; sourceTree = "<group>"; };
		A7E0BC9C1A66A22700FAFD2F /* AppDelegate.h */ = {isa = PBXFileReference; lastKnownFileType = sourcecode.c.h; path = AppDelegate.h; sourceTree = "<group>"; };
		A7E0BC9D1A66A22700FAFD2F /* AppDelegate.m */ = {isa = PBXFileReference; lastKnownFileType = sourcecode.c.objc; path = AppDelegate.m; sourceTree = "<group>"; };
		A7E0BC9F1A66A22700FAFD2F /* ViewController.h */ = {isa = PBXFileReference; lastKnownFileType = sourcecode.c.h; path = ViewController.h; sourceTree = "<group>"; };
		A7E0BCA01A66A22700FAFD2F /* ViewController.m */ = {isa = PBXFileReference; lastKnownFileType = sourcecode.c.objc; path = ViewController.m; sourceTree = "<group>"; };
		A7E0BCA31A66A22700FAFD2F /* Base */ = {isa = PBXFileReference; lastKnownFileType = file.storyboard; name = Base; path = Base.lproj/Main.storyboard; sourceTree = "<group>"; };
		A7E0BCA51A66A22700FAFD2F /* Images.xcassets */ = {isa = PBXFileReference; lastKnownFileType = folder.assetcatalog; path = Images.xcassets; sourceTree = "<group>"; };
		A7E0BCAB1A66A22700FAFD2F /* TennisTests.xctest */ = {isa = PBXFileReference; explicitFileType = wrapper.cfbundle; includeInIndex = 0; path = TennisTests.xctest; sourceTree = BUILT_PRODUCTS_DIR; };
		A7E0BCB01A66A22700FAFD2F /* Info.plist */ = {isa = PBXFileReference; lastKnownFileType = text.plist.xml; path = Info.plist; sourceTree = "<group>"; };
		A7E0BCB11A66A22700FAFD2F /* TennisTests.m */ = {isa = PBXFileReference; lastKnownFileType = sourcecode.c.objc; path = TennisTests.m; sourceTree = "<group>"; };
/* End PBXFileReference section */

/* Begin PBXFrameworksBuildPhase section */
		A7E0BC921A66A22700FAFD2F /* Frameworks */ = {
			isa = PBXFrameworksBuildPhase;
			buildActionMask = 2147483647;
			files = (
			);
			runOnlyForDeploymentPostprocessing = 0;
		};
		A7E0BCA81A66A22700FAFD2F /* Frameworks */ = {
			isa = PBXFrameworksBuildPhase;
			buildActionMask = 2147483647;
			files = (
			);
			runOnlyForDeploymentPostprocessing = 0;
		};
/* End PBXFrameworksBuildPhase section */

/* Begin PBXGroup section */
		A7701CCB1A6B5F8400A581D4 /* contorller */ = {
			isa = PBXGroup;
			children = (
				A7701CCC1A6B600900A581D4 /* CourtListTableViewController.h */,
				A7701CCD1A6B600900A581D4 /* CourtListTableViewController.m */,
			);
			name = contorller;
			sourceTree = "<group>";
		};
		A7A54BB91A6B65AC00E1326B /* view */ = {
			isa = PBXGroup;
			children = (
				A7A54BBA1A6B65C300E1326B /* CourtListTableViewCell.h */,
				A7A54BBB1A6B65C300E1326B /* CourtListTableViewCell.m */,
			);
			name = view;
			sourceTree = "<group>";
		};
		A7E0BC8C1A66A22700FAFD2F = {
			isa = PBXGroup;
			children = (
				A7E0BC971A66A22700FAFD2F /* Tennis */,
				A7E0BCAE1A66A22700FAFD2F /* TennisTests */,
				A7E0BC961A66A22700FAFD2F /* Products */,
			);
			sourceTree = "<group>";
		};
		A7E0BC961A66A22700FAFD2F /* Products */ = {
			isa = PBXGroup;
			children = (
				A7E0BC951A66A22700FAFD2F /* Tennis.app */,
				A7E0BCAB1A66A22700FAFD2F /* TennisTests.xctest */,
			);
			name = Products;
			sourceTree = "<group>";
		};
		A7E0BC971A66A22700FAFD2F /* Tennis */ = {
			isa = PBXGroup;
			children = (
				A7A54BB91A6B65AC00E1326B /* view */,
				A7701CCB1A6B5F8400A581D4 /* contorller */,
				A7E0BC9C1A66A22700FAFD2F /* AppDelegate.h */,
				A7E0BC9D1A66A22700FAFD2F /* AppDelegate.m */,
				A7E0BC9F1A66A22700FAFD2F /* ViewController.h */,
				A7E0BCA01A66A22700FAFD2F /* ViewController.m */,
				A7E0BCA21A66A22700FAFD2F /* Main.storyboard */,
				A7E0BCA51A66A22700FAFD2F /* Images.xcassets */,
				A7E0BC981A66A22700FAFD2F /* Supporting Files */,
			);
			path = Tennis;
			sourceTree = "<group>";
		};
		A7E0BC981A66A22700FAFD2F /* Supporting Files */ = {
			isa = PBXGroup;
			children = (
				A7E0BC991A66A22700FAFD2F /* Info.plist */,
				A7E0BC9A1A66A22700FAFD2F /* main.m */,
			);
			name = "Supporting Files";
			sourceTree = "<group>";
		};
		A7E0BCAE1A66A22700FAFD2F /* TennisTests */ = {
			isa = PBXGroup;
			children = (
				A7E0BCB11A66A22700FAFD2F /* TennisTests.m */,
				A7E0BCAF1A66A22700FAFD2F /* Supporting Files */,
			);
			path = TennisTests;
			sourceTree = "<group>";
		};
		A7E0BCAF1A66A22700FAFD2F /* Supporting Files */ = {
			isa = PBXGroup;
			children = (
				A7E0BCB01A66A22700FAFD2F /* Info.plist */,
			);
			name = "Supporting Files";
			sourceTree = "<group>";
		};
/* End PBXGroup section */

/* Begin PBXNativeTarget section */
		A7E0BC941A66A22700FAFD2F /* Tennis */ = {
			isa = PBXNativeTarget;
			buildConfigurationList = A7E0BCB51A66A22700FAFD2F /* Build configuration list for PBXNativeTarget "Tennis" */;
			buildPhases = (
				A7E0BC911A66A22700FAFD2F /* Sources */,
				A7E0BC921A66A22700FAFD2F /* Frameworks */,
				A7E0BC931A66A22700FAFD2F /* Resources */,
			);
			buildRules = (
			);
			dependencies = (
			);
			name = Tennis;
			productName = Tennis;
			productReference = A7E0BC951A66A22700FAFD2F /* Tennis.app */;
			productType = "com.apple.product-type.application";
		};
		A7E0BCAA1A66A22700FAFD2F /* TennisTests */ = {
			isa = PBXNativeTarget;
			buildConfigurationList = A7E0BCB81A66A22700FAFD2F /* Build configuration list for PBXNativeTarget "TennisTests" */;
			buildPhases = (
				A7E0BCA71A66A22700FAFD2F /* Sources */,
				A7E0BCA81A66A22700FAFD2F /* Frameworks */,
				A7E0BCA91A66A22700FAFD2F /* Resources */,
			);
			buildRules = (
			);
			dependencies = (
				A7E0BCAD1A66A22700FAFD2F /* PBXTargetDependency */,
			);
			name = TennisTests;
			productName = TennisTests;
			productReference = A7E0BCAB1A66A22700FAFD2F /* TennisTests.xctest */;
			productType = "com.apple.product-type.bundle.unit-test";
		};
/* End PBXNativeTarget section */

/* Begin PBXProject section */
		A7E0BC8D1A66A22700FAFD2F /* Project object */ = {
			isa = PBXProject;
			attributes = {
				LastUpgradeCheck = 0600;
				ORGANIZATIONNAME = oliver;
				TargetAttributes = {
					A7E0BC941A66A22700FAFD2F = {
						CreatedOnToolsVersion = 6.0;
					};
					A7E0BCAA1A66A22700FAFD2F = {
						CreatedOnToolsVersion = 6.0;
						TestTargetID = A7E0BC941A66A22700FAFD2F;
					};
				};
			};
			buildConfigurationList = A7E0BC901A66A22700FAFD2F /* Build configuration list for PBXProject "Tennis" */;
			compatibilityVersion = "Xcode 3.2";
			developmentRegion = English;
			hasScannedForEncodings = 0;
			knownRegions = (
				en,
				Base,
			);
			mainGroup = A7E0BC8C1A66A22700FAFD2F;
			productRefGroup = A7E0BC961A66A22700FAFD2F /* Products */;
			projectDirPath = "";
			projectRoot = "";
			targets = (
				A7E0BC941A66A22700FAFD2F /* Tennis */,
				A7E0BCAA1A66A22700FAFD2F /* TennisTests */,
			);
		};
/* End PBXProject section */

/* Begin PBXResourcesBuildPhase section */
		A7E0BC931A66A22700FAFD2F /* Resources */ = {
			isa = PBXResourcesBuildPhase;
			buildActionMask = 2147483647;
			files = (
				A7E0BCA41A66A22700FAFD2F /* Main.storyboard in Resources */,
				A7E0BCA61A66A22700FAFD2F /* Images.xcassets in Resources */,
			);
			runOnlyForDeploymentPostprocessing = 0;
		};
		A7E0BCA91A66A22700FAFD2F /* Resources */ = {
			isa = PBXResourcesBuildPhase;
			buildActionMask = 2147483647;
			files = (
			);
			runOnlyForDeploymentPostprocessing = 0;
		};
/* End PBXResourcesBuildPhase section */

/* Begin PBXSourcesBuildPhase section */
		A7E0BC911A66A22700FAFD2F /* Sources */ = {
			isa = PBXSourcesBuildPhase;
			buildActionMask = 2147483647;
			files = (
				A7E0BCA11A66A22700FAFD2F /* ViewController.m in Sources */,
				A7701CCE1A6B600900A581D4 /* CourtListTableViewController.m in Sources */,
				A7A54BBC1A6B65C300E1326B /* CourtListTableViewCell.m in Sources */,
				A7E0BC9E1A66A22700FAFD2F /* AppDelegate.m in Sources */,
				A7E0BC9B1A66A22700FAFD2F /* main.m in Sources */,
			);
			runOnlyForDeploymentPostprocessing = 0;
		};
		A7E0BCA71A66A22700FAFD2F /* Sources */ = {
			isa = PBXSourcesBuildPhase;
			buildActionMask = 2147483647;
			files = (
				A7E0BCB21A66A22700FAFD2F /* TennisTests.m in Sources */,
			);
			runOnlyForDeploymentPostprocessing = 0;
		};
/* End PBXSourcesBuildPhase section */

/* Begin PBXTargetDependency section */
		A7E0BCAD1A66A22700FAFD2F /* PBXTargetDependency */ = {
			isa = PBXTargetDependency;
			target = A7E0BC941A66A22700FAFD2F /* Tennis */;
			targetProxy = A7E0BCAC1A66A22700FAFD2F /* PBXContainerItemProxy */;
		};
/* End PBXTargetDependency section */

/* Begin PBXVariantGroup section */
		A7E0BCA21A66A22700FAFD2F /* Main.storyboard */ = {
			isa = PBXVariantGroup;
			children = (
				A7E0BCA31A66A22700FAFD2F /* Base */,
			);
			name = Main.storyboard;
			sourceTree = "<group>";
		};
/* End PBXVariantGroup section */

/* Begin XCBuildConfiguration section */
		A7E0BCB31A66A22700FAFD2F /* Debug */ = {
			isa = XCBuildConfiguration;
			buildSettings = {
				ALWAYS_SEARCH_USER_PATHS = NO;
				CLANG_CXX_LANGUAGE_STANDARD = "gnu++0x";
				CLANG_CXX_LIBRARY = "libc++";
				CLANG_ENABLE_MODULES = YES;
				CLANG_ENABLE_OBJC_ARC = YES;
				CLANG_WARN_BOOL_CONVERSION = YES;
				CLANG_WARN_CONSTANT_CONVERSION = YES;
				CLANG_WARN_DIRECT_OBJC_ISA_USAGE = YES_ERROR;
				CLANG_WARN_EMPTY_BODY = YES;
				CLANG_WARN_ENUM_CONVERSION = YES;
				CLANG_WARN_INT_CONVERSION = YES;
				CLANG_WARN_OBJC_ROOT_CLASS = YES_ERROR;
				CLANG_WARN_UNREACHABLE_CODE = YES;
				CLANG_WARN__DUPLICATE_METHOD_MATCH = YES;
				"CODE_SIGN_IDENTITY[sdk=iphoneos*]" = "iPhone Developer";
				COPY_PHASE_STRIP = NO;
				ENABLE_STRICT_OBJC_MSGSEND = YES;
				GCC_C_LANGUAGE_STANDARD = gnu99;
				GCC_DYNAMIC_NO_PIC = NO;
				GCC_OPTIMIZATION_LEVEL = 0;
				GCC_PREPROCESSOR_DEFINITIONS = (
					"DEBUG=1",
					"$(inherited)",
				);
				GCC_SYMBOLS_PRIVATE_EXTERN = NO;
				GCC_WARN_64_TO_32_BIT_CONVERSION = YES;
				GCC_WARN_ABOUT_RETURN_TYPE = YES_ERROR;
				GCC_WARN_UNDECLARED_SELECTOR = YES;
				GCC_WARN_UNINITIALIZED_AUTOS = YES_AGGRESSIVE;
				GCC_WARN_UNUSED_FUNCTION = YES;
				GCC_WARN_UNUSED_VARIABLE = YES;
				IPHONEOS_DEPLOYMENT_TARGET = 8.0;
				MTL_ENABLE_DEBUG_INFO = YES;
				ONLY_ACTIVE_ARCH = YES;
				SDKROOT = iphoneos;
			};
			name = Debug;
		};
		A7E0BCB41A66A22700FAFD2F /* Release */ = {
			isa = XCBuildConfiguration;
			buildSettings = {
				ALWAYS_SEARCH_USER_PATHS = NO;
				CLANG_CXX_LANGUAGE_STANDARD = "gnu++0x";
				CLANG_CXX_LIBRARY = "libc++";
				CLANG_ENABLE_MODULES = YES;
				CLANG_ENABLE_OBJC_ARC = YES;
				CLANG_WARN_BOOL_CONVERSION = YES;
				CLANG_WARN_CONSTANT_CONVERSION = YES;
				CLANG_WARN_DIRECT_OBJC_ISA_USAGE = YES_ERROR;
				CLANG_WARN_EMPTY_BODY = YES;
				CLANG_WARN_ENUM_CONVERSION = YES;
				CLANG_WARN_INT_CONVERSION = YES;
				CLANG_WARN_OBJC_ROOT_CLASS = YES_ERROR;
				CLANG_WARN_UNREACHABLE_CODE = YES;
				CLANG_WARN__DUPLICATE_METHOD_MATCH = YES;
				"CODE_SIGN_IDENTITY[sdk=iphoneos*]" = "iPhone Developer";
				COPY_PHASE_STRIP = YES;
				ENABLE_NS_ASSERTIONS = NO;
				ENABLE_STRICT_OBJC_MSGSEND = YES;
				GCC_C_LANGUAGE_STANDARD = gnu99;
				GCC_WARN_64_TO_32_BIT_CONVERSION = YES;
				GCC_WARN_ABOUT_RETURN_TYPE = YES_ERROR;
				GCC_WARN_UNDECLARED_SELECTOR = YES;
				GCC_WARN_UNINITIALIZED_AUTOS = YES_AGGRESSIVE;
				GCC_WARN_UNUSED_FUNCTION = YES;
				GCC_WARN_UNUSED_VARIABLE = YES;
				IPHONEOS_DEPLOYMENT_TARGET = 8.0;
				MTL_ENABLE_DEBUG_INFO = NO;
				SDKROOT = iphoneos;
				VALIDATE_PRODUCT = YES;
			};
			name = Release;
		};
		A7E0BCB61A66A22700FAFD2F /* Debug */ = {
			isa = XCBuildConfiguration;
			buildSettings = {
				ASSETCATALOG_COMPILER_APPICON_NAME = AppIcon;
				ASSETCATALOG_COMPILER_LAUNCHIMAGE_NAME = LaunchImage;
				INFOPLIST_FILE = Tennis/Info.plist;
				LD_RUNPATH_SEARCH_PATHS = "$(inherited) @executable_path/Frameworks";
				PRODUCT_NAME = "$(TARGET_NAME)";
			};
			name = Debug;
		};
		A7E0BCB71A66A22700FAFD2F /* Release */ = {
			isa = XCBuildConfiguration;
			buildSettings = {
				ASSETCATALOG_COMPILER_APPICON_NAME = AppIcon;
				ASSETCATALOG_COMPILER_LAUNCHIMAGE_NAME = LaunchImage;
				INFOPLIST_FILE = Tennis/Info.plist;
				LD_RUNPATH_SEARCH_PATHS = "$(inherited) @executable_path/Frameworks";
				PRODUCT_NAME = "$(TARGET_NAME)";
			};
			name = Release;
		};
		A7E0BCB91A66A22700FAFD2F /* Debug */ = {
			isa = XCBuildConfiguration;
			buildSettings = {
				BUNDLE_LOADER = "$(BUILT_PRODUCTS_DIR)/Tennis.app/Tennis";
				FRAMEWORK_SEARCH_PATHS = (
					"$(SDKROOT)/Developer/Library/Frameworks",
					"$(inherited)",
				);
				GCC_PREPROCESSOR_DEFINITIONS = (
					"DEBUG=1",
					"$(inherited)",
				);
				INFOPLIST_FILE = TennisTests/Info.plist;
				LD_RUNPATH_SEARCH_PATHS = "$(inherited) @executable_path/Frameworks @loader_path/Frameworks";
				PRODUCT_NAME = "$(TARGET_NAME)";
				TEST_HOST = "$(BUNDLE_LOADER)";
			};
			name = Debug;
		};
		A7E0BCBA1A66A22700FAFD2F /* Release */ = {
			isa = XCBuildConfiguration;
			buildSettings = {
				BUNDLE_LOADER = "$(BUILT_PRODUCTS_DIR)/Tennis.app/Tennis";
				FRAMEWORK_SEARCH_PATHS = (
					"$(SDKROOT)/Developer/Library/Frameworks",
					"$(inherited)",
				);
				INFOPLIST_FILE = TennisTests/Info.plist;
				LD_RUNPATH_SEARCH_PATHS = "$(inherited) @executable_path/Frameworks @loader_path/Frameworks";
				PRODUCT_NAME = "$(TARGET_NAME)";
				TEST_HOST = "$(BUNDLE_LOADER)";
			};
			name = Release;
		};
/* End XCBuildConfiguration section */

/* Begin XCConfigurationList section */
		A7E0BC901A66A22700FAFD2F /* Build configuration list for PBXProject "Tennis" */ = {
			isa = XCConfigurationList;
			buildConfigurations = (
				A7E0BCB31A66A22700FAFD2F /* Debug */,
				A7E0BCB41A66A22700FAFD2F /* Release */,
			);
			defaultConfigurationIsVisible = 0;
			defaultConfigurationName = Release;
		};
		A7E0BCB51A66A22700FAFD2F /* Build configuration list for PBXNativeTarget "Tennis" */ = {
			isa = XCConfigurationList;
			buildConfigurations = (
				A7E0BCB61A66A22700FAFD2F /* Debug */,
				A7E0BCB71A66A22700FAFD2F /* Release */,
			);
			defaultConfigurationIsVisible = 0;
			defaultConfigurationName = Release;
		};
		A7E0BCB81A66A22700FAFD2F /* Build configuration list for PBXNativeTarget "TennisTests" */ = {
			isa = XCConfigurationList;
			buildConfigurations = (
				A7E0BCB91A66A22700FAFD2F /* Debug */,
				A7E0BCBA1A66A22700FAFD2F /* Release */,
			);
			defaultConfigurationIsVisible = 0;
			defaultConfigurationName = Release;
		};
/* End XCConfigurationList section */
	};
	rootObject = A7E0BC8D1A66A22700FAFD2F /* Project object */;
}
